// !$*UTF8*$!
{
	archiveVersion = 1;
	classes = {
	};
	objectVersion = 46;
	objects = {

/* Begin PBXBuildFile section */
		4FECF09CAC65ACCB381E4474 /* Pods_RainyShiny.framework in Frameworks */ = {isa = PBXBuildFile; fileRef = 969BC0AF2BE83F1ADF2B0E60 /* Pods_RainyShiny.framework */; };
		F74C93E61DCD75E300F72987 /* AppDelegate.swift in Sources */ = {isa = PBXBuildFile; fileRef = F74C93E51DCD75E300F72987 /* AppDelegate.swift */; };
		F74C93E81DCD75E300F72987 /* WeatherVC.swift in Sources */ = {isa = PBXBuildFile; fileRef = F74C93E71DCD75E300F72987 /* WeatherVC.swift */; };
		F74C93EB1DCD75E300F72987 /* Main.storyboard in Resources */ = {isa = PBXBuildFile; fileRef = F74C93E91DCD75E300F72987 /* Main.storyboard */; };
		F74C93ED1DCD75E300F72987 /* Assets.xcassets in Resources */ = {isa = PBXBuildFile; fileRef = F74C93EC1DCD75E300F72987 /* Assets.xcassets */; };
		F74C93F01DCD75E300F72987 /* LaunchScreen.storyboard in Resources */ = {isa = PBXBuildFile; fileRef = F74C93EE1DCD75E300F72987 /* LaunchScreen.storyboard */; };
		F7DF28461DCEA567006F87E9 /* Constants.swift in Sources */ = {isa = PBXBuildFile; fileRef = F7DF28451DCEA567006F87E9 /* Constants.swift */; };
		F7DF28481DCEA77B006F87E9 /* CurrentWeather.swift in Sources */ = {isa = PBXBuildFile; fileRef = F7DF28471DCEA77B006F87E9 /* CurrentWeather.swift */; };
		F7DF284A1DCFCB67006F87E9 /* Forecast.swift in Sources */ = {isa = PBXBuildFile; fileRef = F7DF28491DCFCB67006F87E9 /* Forecast.swift */; };
		F7DF284C1DCFD415006F87E9 /* Location.swift in Sources */ = {isa = PBXBuildFile; fileRef = F7DF284B1DCFD415006F87E9 /* Location.swift */; };
/* End PBXBuildFile section */

/* Begin PBXFileReference section */
		2E3B8A0D3BD6FCD2921399C8 /* Pods-RainyShiny.debug.xcconfig */ = {isa = PBXFileReference; includeInIndex = 1; lastKnownFileType = text.xcconfig; name = "Pods-RainyShiny.debug.xcconfig"; path = "Pods/Target Support Files/Pods-RainyShiny/Pods-RainyShiny.debug.xcconfig"; sourceTree = "<group>"; };
		68E93408F9E627481915F7E0 /* Pods-RainyShiny.release.xcconfig */ = {isa = PBXFileReference; includeInIndex = 1; lastKnownFileType = text.xcconfig; name = "Pods-RainyShiny.release.xcconfig"; path = "Pods/Target Support Files/Pods-RainyShiny/Pods-RainyShiny.release.xcconfig"; sourceTree = "<group>"; };
		969BC0AF2BE83F1ADF2B0E60 /* Pods_RainyShiny.framework */ = {isa = PBXFileReference; explicitFileType = wrapper.framework; includeInIndex = 0; path = Pods_RainyShiny.framework; sourceTree = BUILT_PRODUCTS_DIR; };
		F74C93E21DCD75E300F72987 /* RainyShiny.app */ = {isa = PBXFileReference; explicitFileType = wrapper.application; includeInIndex = 0; path = RainyShiny.app; sourceTree = BUILT_PRODUCTS_DIR; };
		F74C93E51DCD75E300F72987 /* AppDelegate.swift */ = {isa = PBXFileReference; lastKnownFileType = sourcecode.swift; path = AppDelegate.swift; sourceTree = "<group>"; };
		F74C93E71DCD75E300F72987 /* WeatherVC.swift */ = {isa = PBXFileReference; lastKnownFileType = sourcecode.swift; path = WeatherVC.swift; sourceTree = "<group>"; };
		F74C93EA1DCD75E300F72987 /* Base */ = {isa = PBXFileReference; lastKnownFileType = file.storyboard; name = Base; path = Base.lproj/Main.storyboard; sourceTree = "<group>"; };
		F74C93EC1DCD75E300F72987 /* Assets.xcassets */ = {isa = PBXFileReference; lastKnownFileType = folder.assetcatalog; path = Assets.xcassets; sourceTree = "<group>"; };
		F74C93EF1DCD75E300F72987 /* Base */ = {isa = PBXFileReference; lastKnownFileType = file.storyboard; name = Base; path = Base.lproj/LaunchScreen.storyboard; sourceTree = "<group>"; };
		F74C93F11DCD75E300F72987 /* Info.plist */ = {isa = PBXFileReference; lastKnownFileType = text.plist.xml; path = Info.plist; sourceTree = "<group>"; };
		F7DF28451DCEA567006F87E9 /* Constants.swift */ = {isa = PBXFileReference; fileEncoding = 4; lastKnownFileType = sourcecode.swift; path = Constants.swift; sourceTree = "<group>"; };
		F7DF28471DCEA77B006F87E9 /* CurrentWeather.swift */ = {isa = PBXFileReference; fileEncoding = 4; lastKnownFileType = sourcecode.swift; path = CurrentWeather.swift; sourceTree = "<group>"; };
		F7DF28491DCFCB67006F87E9 /* Forecast.swift */ = {isa = PBXFileReference; fileEncoding = 4; lastKnownFileType = sourcecode.swift; path = Forecast.swift; sourceTree = "<group>"; };
		F7DF284B1DCFD415006F87E9 /* Location.swift */ = {isa = PBXFileReference; fileEncoding = 4; lastKnownFileType = sourcecode.swift; path = Location.swift; sourceTree = "<group>"; };
/* End PBXFileReference section */

/* Begin PBXFrameworksBuildPhase section */
		F74C93DF1DCD75E300F72987 /* Frameworks */ = {
			isa = PBXFrameworksBuildPhase;
			buildActionMask = 2147483647;
			files = (
				4FECF09CAC65ACCB381E4474 /* Pods_RainyShiny.framework in Frameworks */,
			);
			runOnlyForDeploymentPostprocessing = 0;
		};
/* End PBXFrameworksBuildPhase section */

/* Begin PBXGroup section */
		64D70BDA943CA07E08AA65D3 /* Pods */ = {
			isa = PBXGroup;
			children = (
				2E3B8A0D3BD6FCD2921399C8 /* Pods-RainyShiny.debug.xcconfig */,
				68E93408F9E627481915F7E0 /* Pods-RainyShiny.release.xcconfig */,
			);
			name = Pods;
			sourceTree = "<group>";
		};
		A796593555E21BAC76B7EB00 /* Frameworks */ = {
			isa = PBXGroup;
			children = (
				969BC0AF2BE83F1ADF2B0E60 /* Pods_RainyShiny.framework */,
			);
			name = Frameworks;
			sourceTree = "<group>";
		};
		F74C93D91DCD75E300F72987 = {
			isa = PBXGroup;
			children = (
				F74C93E41DCD75E300F72987 /* RainyShiny */,
				F74C93E31DCD75E300F72987 /* Products */,
				64D70BDA943CA07E08AA65D3 /* Pods */,
				A796593555E21BAC76B7EB00 /* Frameworks */,
			);
			sourceTree = "<group>";
		};
		F74C93E31DCD75E300F72987 /* Products */ = {
			isa = PBXGroup;
			children = (
				F74C93E21DCD75E300F72987 /* RainyShiny.app */,
			);
			name = Products;
			sourceTree = "<group>";
		};
		F74C93E41DCD75E300F72987 /* RainyShiny */ = {
			isa = PBXGroup;
			children = (
				F74C93E51DCD75E300F72987 /* AppDelegate.swift */,
				F74C93E71DCD75E300F72987 /* WeatherVC.swift */,
				F7DF284B1DCFD415006F87E9 /* Location.swift */,
				F74C93E91DCD75E300F72987 /* Main.storyboard */,
				F74C93EC1DCD75E300F72987 /* Assets.xcassets */,
				F74C93EE1DCD75E300F72987 /* LaunchScreen.storyboard */,
				F74C93F11DCD75E300F72987 /* Info.plist */,
				F7DF28451DCEA567006F87E9 /* Constants.swift */,
				F7DF28471DCEA77B006F87E9 /* CurrentWeather.swift */,
				F7DF28491DCFCB67006F87E9 /* Forecast.swift */,
			);
			path = RainyShiny;
			sourceTree = "<group>";
		};
/* End PBXGroup section */

/* Begin PBXNativeTarget section */
		F74C93E11DCD75E300F72987 /* RainyShiny */ = {
			isa = PBXNativeTarget;
			buildConfigurationList = F74C93F41DCD75E300F72987 /* Build configuration list for PBXNativeTarget "RainyShiny" */;
			buildPhases = (
				FD22322F2889D1B3938997B5 /* [CP] Check Pods Manifest.lock */,
				F74C93DE1DCD75E300F72987 /* Sources */,
				F74C93DF1DCD75E300F72987 /* Frameworks */,
				F74C93E01DCD75E300F72987 /* Resources */,
				332D594C2ED4A3BEC49E10CB /* [CP] Embed Pods Frameworks */,
				C3884D1FBA8AAE142C4D7818 /* [CP] Copy Pods Resources */,
			);
			buildRules = (
			);
			dependencies = (
			);
			name = RainyShiny;
			productName = RainyShiny;
			productReference = F74C93E21DCD75E300F72987 /* RainyShiny.app */;
			productType = "com.apple.product-type.application";
		};
/* End PBXNativeTarget section */

/* Begin PBXProject section */
		F74C93DA1DCD75E300F72987 /* Project object */ = {
			isa = PBXProject;
			attributes = {
				LastSwiftUpdateCheck = 0810;
				LastUpgradeCheck = 0810;
				ORGANIZATIONNAME = VXette;
				TargetAttributes = {
					F74C93E11DCD75E300F72987 = {
						CreatedOnToolsVersion = 8.1;
						DevelopmentTeam = 649KJCZ7RD;
						ProvisioningStyle = Automatic;
					};
				};
			};
			buildConfigurationList = F74C93DD1DCD75E300F72987 /* Build configuration list for PBXProject "RainyShiny" */;
			compatibilityVersion = "Xcode 3.2";
			developmentRegion = English;
			hasScannedForEncodings = 0;
			knownRegions = (
				en,
				Base,
			);
			mainGroup = F74C93D91DCD75E300F72987;
			productRefGroup = F74C93E31DCD75E300F72987 /* Products */;
			projectDirPath = "";
			projectRoot = "";
			targets = (
				F74C93E11DCD75E300F72987 /* RainyShiny */,
			);
		};
/* End PBXProject section */

/* Begin PBXResourcesBuildPhase section */
		F74C93E01DCD75E300F72987 /* Resources */ = {
			isa = PBXResourcesBuildPhase;
			buildActionMask = 2147483647;
			files = (
				F74C93F01DCD75E300F72987 /* LaunchScreen.storyboard in Resources */,
				F74C93ED1DCD75E300F72987 /* Assets.xcassets in Resources */,
				F74C93EB1DCD75E300F72987 /* Main.storyboard in Resources */,
			);
			runOnlyForDeploymentPostprocessing = 0;
		};
/* End PBXResourcesBuildPhase section */

/* Begin PBXShellScriptBuildPhase section */
		332D594C2ED4A3BEC49E10CB /* [CP] Embed Pods Frameworks */ = {
			isa = PBXShellScriptBuildPhase;
			buildActionMask = 2147483647;
			files = (
			);
			inputPaths = (
			);
			name = "[CP] Embed Pods Frameworks";
			outputPaths = (
			);
			runOnlyForDeploymentPostprocessing = 0;
			shellPath = /bin/sh;
			shellScript = "\"${SRCROOT}/Pods/Target Support Files/Pods-RainyShiny/Pods-RainyShiny-frameworks.sh\"\n";
			showEnvVarsInLog = 0;
		};
		C3884D1FBA8AAE142C4D7818 /* [CP] Copy Pods Resources */ = {
			isa = PBXShellScriptBuildPhase;
			buildActionMask = 2147483647;
			files = (
			);
			inputPaths = (
			);
			name = "[CP] Copy Pods Resources";
			outputPaths = (
			);
			runOnlyForDeploymentPostprocessing = 0;
			shellPath = /bin/sh;
			shellScript = "\"${SRCROOT}/Pods/Target Support Files/Pods-RainyShiny/Pods-RainyShiny-resources.sh\"\n";
			showEnvVarsInLog = 0;
		};
		FD22322F2889D1B3938997B5 /* [CP] Check Pods Manifest.lock */ = {
			isa = PBXShellScriptBuildPhase;
			buildActionMask = 2147483647;
			files = (
			);
			inputPaths = (
			);
			name = "[CP] Check Pods Manifest.lock";
			outputPaths = (
			);
			runOnlyForDeploymentPostprocessing = 0;
			shellPath = /bin/sh;
			shellScript = "diff \"${PODS_ROOT}/../Podfile.lock\" \"${PODS_ROOT}/Manifest.lock\" > /dev/null\nif [ $? != 0 ] ; then\n    # print error to STDERR\n    echo \"error: The sandbox is not in sync with the Podfile.lock. Run 'pod install' or update your CocoaPods installation.\" >&2\n    exit 1\nfi\n";
			showEnvVarsInLog = 0;
		};
/* End PBXShellScriptBuildPhase section */

/* Begin PBXSourcesBuildPhase section */
		F74C93DE1DCD75E300F72987 /* Sources */ = {
			isa = PBXSourcesBuildPhase;
			buildActionMask = 2147483647;
			files = (
				F74C93E81DCD75E300F72987 /* WeatherVC.swift in Sources */,
				F74C93E61DCD75E300F72987 /* AppDelegate.swift in Sources */,
				F7DF28481DCEA77B006F87E9 /* CurrentWeather.swift in Sources */,
				F7DF28461DCEA567006F87E9 /* Constants.swift in Sources */,
				F7DF284C1DCFD415006F87E9 /* Location.swift in Sources */,
				F7DF284A1DCFCB67006F87E9 /* Forecast.swift in Sources */,
			);
			runOnlyForDeploymentPostprocessing = 0;
		};
/* End PBXSourcesBuildPhase section */

/* Begin PBXVariantGroup section */
		F74C93E91DCD75E300F72987 /* Main.storyboard */ = {
			isa = PBXVariantGroup;
			children = (
				F74C93EA1DCD75E300F72987 /* Base */,
			);
			name = Main.storyboard;
			sourceTree = "<group>";
		};
		F74C93EE1DCD75E300F72987 /* LaunchScreen.storyboard */ = {
			isa = PBXVariantGroup;
			children = (
				F74C93EF1DCD75E300F72987 /* Base */,
			);
			name = LaunchScreen.storyboard;
			sourceTree = "<group>";
		};
/* End PBXVariantGroup section */

/* Begin XCBuildConfiguration section */
		F74C93F21DCD75E300F72987 /* Debug */ = {
			isa = XCBuildConfiguration;
			buildSettings = {
				ALWAYS_SEARCH_USER_PATHS = NO;
				CLANG_ANALYZER_NONNULL = YES;
				CLANG_CXX_LANGUAGE_STANDARD = "gnu++0x";
				CLANG_CXX_LIBRARY = "libc++";
				CLANG_ENABLE_MODULES = YES;
				CLANG_ENABLE_OBJC_ARC = YES;
				CLANG_WARN_BOOL_CONVERSION = YES;
				CLANG_WARN_CONSTANT_CONVERSION = YES;
				CLANG_WARN_DIRECT_OBJC_ISA_USAGE = YES_ERROR;
				CLANG_WARN_DOCUMENTATION_COMMENTS = YES;
				CLANG_WARN_EMPTY_BODY = YES;
				CLANG_WARN_ENUM_CONVERSION = YES;
				CLANG_WARN_INFINITE_RECURSION = YES;
				CLANG_WARN_INT_CONVERSION = YES;
				CLANG_WARN_OBJC_ROOT_CLASS = YES_ERROR;
				CLANG_WARN_SUSPICIOUS_MOVE = YES;
				CLANG_WARN_SUSPICIOUS_MOVES = YES;
				CLANG_WARN_UNREACHABLE_CODE = YES;
				CLANG_WARN__DUPLICATE_METHOD_MATCH = YES;
				"CODE_SIGN_IDENTITY[sdk=iphoneos*]" = "iPhone Developer";
				COPY_PHASE_STRIP = NO;
				DEBUG_INFORMATION_FORMAT = dwarf;
				ENABLE_STRICT_OBJC_MSGSEND = YES;
				ENABLE_TESTABILITY = YES;
				GCC_C_LANGUAGE_STANDARD = gnu99;
				GCC_DYNAMIC_NO_PIC = NO;
				GCC_NO_COMMON_BLOCKS = YES;
				GCC_OPTIMIZATION_LEVEL = 0;
				GCC_PREPROCESSOR_DEFINITIONS = (
					"DEBUG=1",
					"$(inherited)",
				);
				GCC_WARN_64_TO_32_BIT_CONVERSION = YES;
				GCC_WARN_ABOUT_RETURN_TYPE = YES_ERROR;
				GCC_WARN_UNDECLARED_SELECTOR = YES;
				GCC_WARN_UNINITIALIZED_AUTOS = YES_AGGRESSIVE;
				GCC_WARN_UNUSED_FUNCTION = YES;
				GCC_WARN_UNUSED_VARIABLE = YES;
				IPHONEOS_DEPLOYMENT_TARGET = 10.1;
				MTL_ENABLE_DEBUG_INFO = YES;
				ONLY_ACTIVE_ARCH = YES;
				SDKROOT = iphoneos;
				SWIFT_ACTIVE_COMPILATION_CONDITIONS = DEBUG;
				SWIFT_OPTIMIZATION_LEVEL = "-Onone";
				TARGETED_DEVICE_FAMILY = "1,2";
			};
			name = Debug;
		};
		F74C93F31DCD75E300F72987 /* Release */ = {
			isa = XCBuildConfiguration;
			buildSettings = {
				ALWAYS_SEARCH_USER_PATHS = NO;
				CLANG_ANALYZER_NONNULL = YES;
				CLANG_CXX_LANGUAGE_STANDARD = "gnu++0x";
				CLANG_CXX_LIBRARY = "libc++";
				CLANG_ENABLE_MODULES = YES;
				CLANG_ENABLE_OBJC_ARC = YES;
				CLANG_WARN_BOOL_CONVERSION = YES;
				CLANG_WARN_CONSTANT_CONVERSION = YES;
				CLANG_WARN_DIRECT_OBJC_ISA_USAGE = YES_ERROR;
				CLANG_WARN_DOCUMENTATION_COMMENTS = YES;
				CLANG_WARN_EMPTY_BODY = YES;
				CLANG_WARN_ENUM_CONVERSION = YES;
				CLANG_WARN_INFINITE_RECURSION = YES;
				CLANG_WARN_INT_CONVERSION = YES;
				CLANG_WARN_OBJC_ROOT_CLASS = YES_ERROR;
				CLANG_WARN_SUSPICIOUS_MOVE = YES;
				CLANG_WARN_SUSPICIOUS_MOVES = YES;
				CLANG_WARN_UNREACHABLE_CODE = YES;
				CLANG_WARN__DUPLICATE_METHOD_MATCH = YES;
				"CODE_SIGN_IDENTITY[sdk=iphoneos*]" = "iPhone Developer";
				COPY_PHASE_STRIP = NO;
				DEBUG_INFORMATION_FORMAT = "dwarf-with-dsym";
				ENABLE_NS_ASSERTIONS = NO;
				ENABLE_STRICT_OBJC_MSGSEND = YES;
				GCC_C_LANGUAGE_STANDARD = gnu99;
				GCC_NO_COMMON_BLOCKS = YES;
				GCC_WARN_64_TO_32_BIT_CONVERSION = YES;
				GCC_WARN_ABOUT_RETURN_TYPE = YES_ERROR;
				GCC_WARN_UNDECLARED_SELECTOR = YES;
				GCC_WARN_UNINITIALIZED_AUTOS = YES_AGGRESSIVE;
				GCC_WARN_UNUSED_FUNCTION = YES;
				GCC_WARN_UNUSED_VARIABLE = YES;
				IPHONEOS_DEPLOYMENT_TARGET = 10.1;
				MTL_ENABLE_DEBUG_INFO = NO;
				SDKROOT = iphoneos;
				SWIFT_OPTIMIZATION_LEVEL = "-Owholemodule";
				TARGETED_DEVICE_FAMILY = "1,2";
				VALIDATE_PRODUCT = YES;
			};
			name = Release;
		};
		F74C93F51DCD75E300F72987 /* Debug */ = {
			isa = XCBuildConfiguration;
			baseConfigurationReference = 2E3B8A0D3BD6FCD2921399C8 /* Pods-RainyShiny.debug.xcconfig */;
			buildSettings = {
				ALWAYS_EMBED_SWIFT_STANDARD_LIBRARIES = YES;
				ASSETCATALOG_COMPILER_APPICON_NAME = AppIcon;
				DEVELOPMENT_TEAM = 649KJCZ7RD;
				INFOPLIST_FILE = RainyShiny/Info.plist;
				LD_RUNPATH_SEARCH_PATHS = "$(inherited) @executable_path/Frameworks";
				PRODUCT_BUNDLE_IDENTIFIER = com.vxette.RainyShiny;
				PRODUCT_NAME = "$(TARGET_NAME)";
				SWIFT_VERSION = 3.0;
				TARGETED_DEVICE_FAMILY = 1;
			};
			name = Debug;
		};
		F74C93F61DCD75E300F72987 /* Release */ = {
			isa = XCBuildConfiguration;
			baseConfigurationReference = 68E93408F9E627481915F7E0 /* Pods-RainyShiny.release.xcconfig */;
			buildSettings = {
				ALWAYS_EMBED_SWIFT_STANDARD_LIBRARIES = YES;
				ASSETCATALOG_COMPILER_APPICON_NAME = AppIcon;
				DEVELOPMENT_TEAM = 649KJCZ7RD;
				INFOPLIST_FILE = RainyShiny/Info.plist;
				LD_RUNPATH_SEARCH_PATHS = "$(inherited) @executable_path/Frameworks";
				PRODUCT_BUNDLE_IDENTIFIER = com.vxette.RainyShiny;
				PRODUCT_NAME = "$(TARGET_NAME)";
				SWIFT_VERSION = 3.0;
				TARGETED_DEVICE_FAMILY = 1;
			};
			name = Release;
		};
/* End XCBuildConfiguration section */

/* Begin XCConfigurationList section */
		F74C93DD1DCD75E300F72987 /* Build configuration list for PBXProject "RainyShiny" */ = {
			isa = XCConfigurationList;
			buildConfigurations = (
				F74C93F21DCD75E300F72987 /* Debug */,
				F74C93F31DCD75E300F72987 /* Release */,
			);
			defaultConfigurationIsVisible = 0;
			defaultConfigurationName = Release;
		};
		F74C93F41DCD75E300F72987 /* Build configuration list for PBXNativeTarget "RainyShiny" */ = {
			isa = XCConfigurationList;
			buildConfigurations = (
				F74C93F51DCD75E300F72987 /* Debug */,
				F74C93F61DCD75E300F72987 /* Release */,
			);
			defaultConfigurationIsVisible = 0;
			defaultConfigurationName = Release;
		};
/* End XCConfigurationList section */
	};
	rootObject = F74C93DA1DCD75E300F72987 /* Project object */;
}
